
Microsoft Visual Studio Solution File, Format Version 10.00
# Visual Studio 2008
Project("{FAE04EC0-301F-11D3-BF4B-00C04F79EFBC}") = "Chapter3", "ProductPricing\Chapter3.csproj", "{99677994-02AE-4298-96DD-A5CC25F03E08}"
EndProject
Global
	GlobalSection(SolutionConfigurationPlatforms) = preSolution
		Debug|Any CPU = Debug|Any CPU
		Release|Any CPU = Release|Any CPU
	EndGlobalSection
	GlobalSection(ProjectConfigurationPlatforms) = postSolution
		{99677994-02AE-4298-96DD-A5CC25F03E08}.Debug|Any CPU.ActiveCfg = Debug|Any CPU
		{99677994-02AE-4298-96DD-A5CC25F03E08}.Debug|Any CPU.Build.0 = Debug|Any CPU
		{99677994-02AE-4298-96DD-A5CC25F03E08}.Release|Any CPU.ActiveCfg = Release|Any CPU
		{99677994-02AE-4298-96DD-A5CC25F03E08}.Release|Any CPU.Build.0 = Release|Any CPU
	EndGlobalSection
	GlobalSection(SolutionProperties) = preSolution
		HideSolutionNode = FALSE
	EndGlobalSection
EndGlobal
